version = 3

[[package]]
name = "known-vulnerable-fixture"
version = "0.1.0"
dependencies = [
 "quinn-proto",
]

[[package]]
name = "quinn-proto"
version = "0.11.14"
source = "registry+https://github.com/rust-lang/crates.io-index"
checksum = "434b42fec591c96ef50e21e886936e66d3cc3f737104fdb9b737c40ffb94c098"
